
Microsoft Visual Studio Solution File, Format Version 12.00
# Visual Studio Version 17
VisualStudioVersion = 17.0.31919.166
MinimumVisualStudioVersion = 10.0.40219.1
Project("{FAE04EC0-301F-11D3-BF4B-00C04F79EFBC}") = "DataType", "DataType\DataType.csproj", "{0B8FF55A-7391-47C6-8BCF-293CAB40BD71}"
EndProject
Global
	GlobalSection(SolutionConfigurationPlatforms) = preSolution
		Debug|Any CPU = Debug|Any CPU
		Release|Any CPU = Release|Any CPU
	EndGlobalSection
	GlobalSection(ProjectConfigurationPlatforms) = postSolution
		{0B8FF55A-7391-47C6-8BCF-293CAB40BD71}.Debug|Any CPU.ActiveCfg = Debug|Any CPU
		{0B8FF55A-7391-47C6-8BCF-293CAB40BD71}.Debug|Any CPU.Build.0 = Debug|Any CPU
		{0B8FF55A-7391-47C6-8BCF-293CAB40BD71}.Release|Any CPU.ActiveCfg = Release|Any CPU
		{0B8FF55A-7391-47C6-8BCF-293CAB40BD71}.Release|Any CPU.Build.0 = Release|Any CPU
	EndGlobalSection
	GlobalSection(SolutionProperties) = preSolution
		HideSolutionNode = FALSE
	EndGlobalSection
	GlobalSection(ExtensibilityGlobals) = postSolution
		SolutionGuid = {32017C91-482C-4481-AEF7-716BF8726BFB}
	EndGlobalSection
EndGlobal
